
Microsoft Visual Studio Solution File, Format Version 12.00
# Visual Studio Version 16
VisualStudioVersion = 16.0.29102.190
MinimumVisualStudioVersion = 10.0.40219.1
Project("{FAE04EC0-301F-11D3-BF4B-00C04F79EFBC}") = "KeyHook.Console", "KeyHook.Console\KeyHook.Console.csproj", "{52E7ABF7-8A12-48CA-8537-720CAFB09646}"
EndProject
Global
	GlobalSection(SolutionConfigurationPlatforms) = preSolution
		Debug|Any CPU = Debug|Any CPU
		Release|Any CPU = Release|Any CPU
	EndGlobalSection
	GlobalSection(ProjectConfigurationPlatforms) = postSolution
		{52E7ABF7-8A12-48CA-8537-720CAFB09646}.Debug|Any CPU.ActiveCfg = Debug|Any CPU
		{52E7ABF7-8A12-48CA-8537-720CAFB09646}.Debug|Any CPU.Build.0 = Debug|Any CPU
		{52E7ABF7-8A12-48CA-8537-720CAFB09646}.Release|Any CPU.ActiveCfg = Release|Any CPU
		{52E7ABF7-8A12-48CA-8537-720CAFB09646}.Release|Any CPU.Build.0 = Release|Any CPU
	EndGlobalSection
	GlobalSection(SolutionProperties) = preSolution
		HideSolutionNode = FALSE
	EndGlobalSection
	GlobalSection(ExtensibilityGlobals) = postSolution
		SolutionGuid = {AB3400AA-34D6-45E3-BC78-2487CCBE0F62}
	EndGlobalSection
EndGlobal
